
Microsoft Visual Studio Solution File, Format Version 12.00
# Visual Studio 2013
VisualStudioVersion = 12.0.31101.0
MinimumVisualStudioVersion = 10.0.40219.1
Project("{8BC9CEB8-8B4A-11D0-8D11-00A0C91BC942}") = "Nyx", "Nyx\Build\Nyx.vcxproj", "{1B75596E-EBDA-47BD-A1FD-7E865274F809}"
EndProject
Project("{2150E333-8FDC-42A3-9474-1A3956D46DE8}") = "ReadMe", "ReadMe", "{1E4C4F3B-86B9-4993-BBD4-15AEE826F02C}"
	ProjectSection(SolutionItems) = preProject
		Build.txt = Build.txt
		Glossary.txt = Glossary.txt
		ReadMe.txt = ReadMe.txt
	EndProjectSection
EndProject
Global
	GlobalSection(SolutionConfigurationPlatforms) = preSolution
		Debug|Win32 = Debug|Win32
		DLL|Win32 = DLL|Win32
		DLLd|Win32 = DLLd|Win32
		Release|Win32 = Release|Win32
		STATIC|Win32 = STATIC|Win32
		STATICd|Win32 = STATICd|Win32
	EndGlobalSection
	GlobalSection(ProjectConfigurationPlatforms) = postSolution
		{1B75596E-EBDA-47BD-A1FD-7E865274F809}.Debug|Win32.ActiveCfg = DLLd|Win32
		{1B75596E-EBDA-47BD-A1FD-7E865274F809}.Debug|Win32.Build.0 = DLLd|Win32
		{1B75596E-EBDA-47BD-A1FD-7E865274F809}.DLL|Win32.ActiveCfg = DLL|Win32
		{1B75596E-EBDA-47BD-A1FD-7E865274F809}.DLL|Win32.Build.0 = DLL|Win32
		{1B75596E-EBDA-47BD-A1FD-7E865274F809}.DLLd|Win32.ActiveCfg = DLLd|Win32
		{1B75596E-EBDA-47BD-A1FD-7E865274F809}.DLLd|Win32.Build.0 = DLLd|Win32
		{1B75596E-EBDA-47BD-A1FD-7E865274F809}.Release|Win32.ActiveCfg = STATICd|Win32
		{1B75596E-EBDA-47BD-A1FD-7E865274F809}.Release|Win32.Build.0 = STATICd|Win32
		{1B75596E-EBDA-47BD-A1FD-7E865274F809}.STATIC|Win32.ActiveCfg = STATIC|Win32
		{1B75596E-EBDA-47BD-A1FD-7E865274F809}.STATIC|Win32.Build.0 = STATIC|Win32
		{1B75596E-EBDA-47BD-A1FD-7E865274F809}.STATICd|Win32.ActiveCfg = STATICd|Win32
		{1B75596E-EBDA-47BD-A1FD-7E865274F809}.STATICd|Win32.Build.0 = STATICd|Win32
	EndGlobalSection
	GlobalSection(SolutionProperties) = preSolution
		HideSolutionNode = FALSE
	EndGlobalSection
EndGlobal
